
Microsoft Visual Studio Solution File, Format Version 12.00
# Visual Studio Version 17
VisualStudioVersion = 17.0.31903.59
MinimumVisualStudioVersion = 10.0.40219.1
Project("{2150E333-8FDC-42A3-9474-1A3956D46DE8}") = "companion", "companion", "{E7667284-5A0A-4CC5-8023-F77967EE4CFE}"
EndProject
Project("{FAE04EC0-301F-11D3-BF4B-00C04F79EFBC}") = "TaskbarInstantSearch", "companion\TaskbarInstantSearch\TaskbarInstantSearch.csproj", "{60B0B1DA-1663-46F0-BAEF-A848C9560FD2}"
EndProject
Project("{FAE04EC0-301F-11D3-BF4B-00C04F79EFBC}") = "TaskbarCapsLockIndicator", "companion\TaskbarCapsLockIndicator\TaskbarCapsLockIndicator.csproj", "{3B010F90-C92D-4970-8AE9-3D8C5CEF4FBB}"
EndProject
Global
	GlobalSection(SolutionConfigurationPlatforms) = preSolution
		Debug|Any CPU = Debug|Any CPU
		Release|Any CPU = Release|Any CPU
	EndGlobalSection
	GlobalSection(SolutionProperties) = preSolution
		HideSolutionNode = FALSE
	EndGlobalSection
	GlobalSection(ProjectConfigurationPlatforms) = postSolution
		{60B0B1DA-1663-46F0-BAEF-A848C9560FD2}.Debug|Any CPU.ActiveCfg = Debug|Any CPU
		{60B0B1DA-1663-46F0-BAEF-A848C9560FD2}.Debug|Any CPU.Build.0 = Debug|Any CPU
		{60B0B1DA-1663-46F0-BAEF-A848C9560FD2}.Release|Any CPU.ActiveCfg = Release|Any CPU
		{60B0B1DA-1663-46F0-BAEF-A848C9560FD2}.Release|Any CPU.Build.0 = Release|Any CPU
		{3B010F90-C92D-4970-8AE9-3D8C5CEF4FBB}.Debug|Any CPU.ActiveCfg = Debug|Any CPU
		{3B010F90-C92D-4970-8AE9-3D8C5CEF4FBB}.Debug|Any CPU.Build.0 = Debug|Any CPU
		{3B010F90-C92D-4970-8AE9-3D8C5CEF4FBB}.Release|Any CPU.ActiveCfg = Release|Any CPU
		{3B010F90-C92D-4970-8AE9-3D8C5CEF4FBB}.Release|Any CPU.Build.0 = Release|Any CPU
	EndGlobalSection
	GlobalSection(NestedProjects) = preSolution
		{60B0B1DA-1663-46F0-BAEF-A848C9560FD2} = {E7667284-5A0A-4CC5-8023-F77967EE4CFE}
		{3B010F90-C92D-4970-8AE9-3D8C5CEF4FBB} = {E7667284-5A0A-4CC5-8023-F77967EE4CFE}
	EndGlobalSection
EndGlobal
